
Microsoft Visual Studio Solution File, Format Version 12.00
# Visual Studio Version 16
VisualStudioVersion = 16.0.29020.237
MinimumVisualStudioVersion = 10.0.40219.1
Project("{8BC9CEB8-8B4A-11D0-8D11-00A0C91BC942}") = "BomberMan", "BomberMan.vcxproj", "{FAD1EEDA-16BC-4F66-A4BF-225ADC297525}"
EndProject
Global
	GlobalSection(SolutionConfigurationPlatforms) = preSolution
		Debug|x64 = Debug|x64
		Debug|x86 = Debug|x86
		Realease_x86|x64 = Realease_x86|x64
		Realease_x86|x86 = Realease_x86|x86
		Release_1|x64 = Release_1|x64
		Release_1|x86 = Release_1|x86
		Release|x64 = Release|x64
		Release|x86 = Release|x86
	EndGlobalSection
	GlobalSection(ProjectConfigurationPlatforms) = postSolution
		{FAD1EEDA-16BC-4F66-A4BF-225ADC297525}.Debug|x64.ActiveCfg = Debug|x64
		{FAD1EEDA-16BC-4F66-A4BF-225ADC297525}.Debug|x64.Build.0 = Debug|x64
		{FAD1EEDA-16BC-4F66-A4BF-225ADC297525}.Debug|x86.ActiveCfg = Debug|Win32
		{FAD1EEDA-16BC-4F66-A4BF-225ADC297525}.Debug|x86.Build.0 = Debug|Win32
		{FAD1EEDA-16BC-4F66-A4BF-225ADC297525}.Realease_x86|x64.ActiveCfg = Realease_x86|x64
		{FAD1EEDA-16BC-4F66-A4BF-225ADC297525}.Realease_x86|x64.Build.0 = Realease_x86|x64
		{FAD1EEDA-16BC-4F66-A4BF-225ADC297525}.Realease_x86|x86.ActiveCfg = Realease_x86|Win32
		{FAD1EEDA-16BC-4F66-A4BF-225ADC297525}.Realease_x86|x86.Build.0 = Realease_x86|Win32
		{FAD1EEDA-16BC-4F66-A4BF-225ADC297525}.Release_1|x64.ActiveCfg = Release_1|x64
		{FAD1EEDA-16BC-4F66-A4BF-225ADC297525}.Release_1|x64.Build.0 = Release_1|x64
		{FAD1EEDA-16BC-4F66-A4BF-225ADC297525}.Release_1|x86.ActiveCfg = Release_1|Win32
		{FAD1EEDA-16BC-4F66-A4BF-225ADC297525}.Release_1|x86.Build.0 = Release_1|Win32
		{FAD1EEDA-16BC-4F66-A4BF-225ADC297525}.Release|x64.ActiveCfg = Release|x64
		{FAD1EEDA-16BC-4F66-A4BF-225ADC297525}.Release|x64.Build.0 = Release|x64
		{FAD1EEDA-16BC-4F66-A4BF-225ADC297525}.Release|x86.ActiveCfg = Release|Win32
		{FAD1EEDA-16BC-4F66-A4BF-225ADC297525}.Release|x86.Build.0 = Release|Win32
	EndGlobalSection
	GlobalSection(SolutionProperties) = preSolution
		HideSolutionNode = FALSE
	EndGlobalSection
	GlobalSection(ExtensibilityGlobals) = postSolution
		SolutionGuid = {F2890FE9-DC71-45C0-9A6D-0FBA3670D6A5}
	EndGlobalSection
EndGlobal
